
Microsoft Visual Studio Solution File, Format Version 12.00
# Visual Studio Version 17
VisualStudioVersion = 17.14.36127.28 d17.14
MinimumVisualStudioVersion = 10.0.40219.1
Project("{FAE04EC0-301F-11D3-BF4B-00C04F79EFBC}") = "MedishcMVCProject", "MedishcMVCProject\MedishcMVCProject.csproj", "{AEC8B150-E41D-4858-BDA7-D59EA7900E0E}"
EndProject
Global
	GlobalSection(SolutionConfigurationPlatforms) = preSolution
		Debug|Any CPU = Debug|Any CPU
		Release|Any CPU = Release|Any CPU
	EndGlobalSection
	GlobalSection(ProjectConfigurationPlatforms) = postSolution
		{AEC8B150-E41D-4858-BDA7-D59EA7900E0E}.Debug|Any CPU.ActiveCfg = Debug|Any CPU
		{AEC8B150-E41D-4858-BDA7-D59EA7900E0E}.Debug|Any CPU.Build.0 = Debug|Any CPU
		{AEC8B150-E41D-4858-BDA7-D59EA7900E0E}.Release|Any CPU.ActiveCfg = Release|Any CPU
		{AEC8B150-E41D-4858-BDA7-D59EA7900E0E}.Release|Any CPU.Build.0 = Release|Any CPU
	EndGlobalSection
	GlobalSection(SolutionProperties) = preSolution
		HideSolutionNode = FALSE
	EndGlobalSection
	GlobalSection(ExtensibilityGlobals) = postSolution
		SolutionGuid = {BA2C5D03-17AE-451D-A8DB-8A9E3340355B}
	EndGlobalSection
EndGlobal
